{
  "nodes": {
    "flake-parts": {
      "inputs": {
        "nixpkgs-lib": "nixpkgs-lib"
      },
      "locked": {
        "lastModified": 1765835352,
        "narHash": "sha256-XswHlK/Qtjasvhd1nOa1e8MgZ8GS//jBoTqWtrS1Giw=",
        "owner": "hercules-ci",
        "repo": "flake-parts",
        "rev": "a34fae9c08a15ad73f295041fec82323541400a9",
        "type": "github"
      },
      "original": {
        "owner": "hercules-ci",
        "repo": "flake-parts",
        "type": "github"
      }
    },
    "flake-parts_2": {
      "inputs": {
        "nixpkgs-lib": "nixpkgs-lib_2"
      },
      "locked": {
        "lastModified": 1765835352,
        "narHash": "sha256-XswHlK/Qtjasvhd1nOa1e8MgZ8GS//jBoTqWtrS1Giw=",
        "owner": "hercules-ci",
        "repo": "flake-parts",
        "rev": "a34fae9c08a15ad73f295041fec82323541400a9",
        "type": "github"
      },
      "original": {
        "owner": "hercules-ci",
        "repo": "flake-parts",
        "type": "github"
      }
    },
    "flake-parts_3": {
      "inputs": {
        "nixpkgs-lib": "nixpkgs-lib_3"
      },
      "locked": {
        "lastModified": 1765835352,
        "narHash": "sha256-XswHlK/Qtjasvhd1nOa1e8MgZ8GS//jBoTqWtrS1Giw=",
        "owner": "hercules-ci",
        "repo": "flake-parts",
        "rev": "a34fae9c08a15ad73f295041fec82323541400a9",
        "type": "github"
      },
      "original": {
        "owner": "hercules-ci",
        "repo": "flake-parts",
        "type": "github"
      }
    },
    "flake-parts_4": {
      "inputs": {
        "nixpkgs-lib": "nixpkgs-lib_4"
      },
      "locked": {
        "lastModified": 1765835352,
        "narHash": "sha256-XswHlK/Qtjasvhd1nOa1e8MgZ8GS//jBoTqWtrS1Giw=",
        "owner": "hercules-ci",
        "repo": "flake-parts",
        "rev": "a34fae9c08a15ad73f295041fec82323541400a9",
        "type": "github"
      },
      "original": {
        "owner": "hercules-ci",
        "repo": "flake-parts",
        "type": "github"
      }
    },
    "flake-utils": {
      "inputs": {
        "systems": "systems"
      },
      "locked": {
        "lastModified": 1731533236,
        "narHash": "sha256-l0KFg5HjrsfsO/JpG+r7fRrqm12kzFHyUHqHCVpMMbI=",
        "owner": "numtide",
        "repo": "flake-utils",
        "rev": "11707dc2f618dd54ca8739b309ec4fc024de578b",
        "type": "github"
      },
      "original": {
        "owner": "numtide",
        "repo": "flake-utils",
        "type": "github"
      }
    },
    "lean4-nix": {
      "inputs": {
        "flake-parts": "flake-parts",
        "nixpkgs": "nixpkgs"
      },
      "locked": {
        "lastModified": 1781539781,
        "narHash": "sha256-sESmPbX/D5L333r6a3MXGRv6qIfoCddlSUu7zxxj7LM=",
        "owner": "lenianiva",
        "repo": "lean4-nix",
        "rev": "f5dcc679ebffeda08908661767bd1d6e93628e0b",
        "type": "github"
      },
      "original": {
        "owner": "lenianiva",
        "repo": "lean4-nix",
        "type": "github"
      }
    },
    "lean4-nix_2": {
      "inputs": {
        "flake-parts": "flake-parts_2",
        "nixpkgs": "nixpkgs_2"
      },
      "locked": {
        "lastModified": 1781539781,
        "narHash": "sha256-sESmPbX/D5L333r6a3MXGRv6qIfoCddlSUu7zxxj7LM=",
        "owner": "lenianiva",
        "repo": "lean4-nix",
        "rev": "f5dcc679ebffeda08908661767bd1d6e93628e0b",
        "type": "github"
      },
      "original": {
        "owner": "lenianiva",
        "repo": "lean4-nix",
        "type": "github"
      }
    },
    "lean4-nix_3": {
      "inputs": {
        "flake-parts": "flake-parts_3",
        "nixpkgs": "nixpkgs_3"
      },
      "locked": {
        "lastModified": 1781539781,
        "narHash": "sha256-sESmPbX/D5L333r6a3MXGRv6qIfoCddlSUu7zxxj7LM=",
        "owner": "lenianiva",
        "repo": "lean4-nix",
        "rev": "f5dcc679ebffeda08908661767bd1d6e93628e0b",
        "type": "github"
      },
      "original": {
        "owner": "lenianiva",
        "repo": "lean4-nix",
        "type": "github"
      }
    },
    "lean4-nix_4": {
      "inputs": {
        "flake-parts": "flake-parts_4",
        "nixpkgs": "nixpkgs_4"
      },
      "locked": {
        "lastModified": 1781539781,
        "narHash": "sha256-sESmPbX/D5L333r6a3MXGRv6qIfoCddlSUu7zxxj7LM=",
        "owner": "lenianiva",
        "repo": "lean4-nix",
        "rev": "f5dcc679ebffeda08908661767bd1d6e93628e0b",
        "type": "github"
      },
      "original": {
        "owner": "lenianiva",
        "repo": "lean4-nix",
        "type": "github"
      }
    },
    "lnmai-core": {
      "inputs": {
        "flake-utils": [
          "flake-utils"
        ],
        "lean4-nix": "lean4-nix",
        "nixpkgs": [
          "nixpkgs"
        ]
      },
      "locked": {
        "lastModified": 1782367601,
        "narHash": "sha256-Pm0JVl7haruFUtTDUmj5LrcT3vKUQUSU/3ysVLxn52I=",
        "ref": "main",
        "rev": "9194a9af4cb723efdd159f819441726e981ff5a6",
        "revCount": 78,
        "type": "git",
        "url": "ssh://git@github.com/Neuron-Group/lnmai-core"
      },
      "original": {
        "ref": "main",
        "type": "git",
        "url": "ssh://git@github.com/Neuron-Group/lnmai-core"
      }
    },
    "lnmai-core-ffi": {
      "inputs": {
        "flake-utils": [
          "flake-utils"
        ],
        "lnmai-core": "lnmai-core_2",
        "nixpkgs": [
          "nixpkgs"
        ]
      },
      "locked": {
        "lastModified": 1782367830,
        "narHash": "sha256-Bk1YFY63jrC3V5Zqqm6brBb6E2xTdufRPXQsTMmw4RU=",
        "ref": "master",
        "rev": "b4b5a5770bbe0dc6cdf8569f4410e151f1a8ecf6",
        "revCount": 44,
        "type": "git",
        "url": "ssh://git@github.com/pingfanH/lnmai-core-ffi"
      },
      "original": {
        "ref": "master",
        "type": "git",
        "url": "ssh://git@github.com/pingfanH/lnmai-core-ffi"
      }
    },
    "lnmai-core-ffi_2": {
      "inputs": {
        "flake-utils": [
          "lnmai-core-rs",
          "flake-utils"
        ],
        "lnmai-core": "lnmai-core_4",
        "nixpkgs": [
          "lnmai-core-rs",
          "nixpkgs"
        ]
      },
      "locked": {
        "lastModified": 1782367830,
        "narHash": "sha256-Bk1YFY63jrC3V5Zqqm6brBb6E2xTdufRPXQsTMmw4RU=",
        "owner": "pingfanH",
        "repo": "lnmai-core-ffi",
        "rev": "b4b5a5770bbe0dc6cdf8569f4410e151f1a8ecf6",
        "type": "github"
      },
      "original": {
        "owner": "pingfanH",
        "ref": "master",
        "repo": "lnmai-core-ffi",
        "type": "github"
      }
    },
    "lnmai-core-rs": {
      "inputs": {
        "flake-utils": [
          "flake-utils"
        ],
        "lnmai-core": "lnmai-core_3",
        "lnmai-core-ffi": "lnmai-core-ffi_2",
        "maisimai": "maisimai",
        "nixpkgs": [
          "nixpkgs"
        ]
      },
      "locked": {
        "lastModified": 1782367874,
        "narHash": "sha256-5InrkJUH94cBp3b8/m/42zCbyipgxAZZHm/E6MpokcE=",
        "ref": "main",
        "rev": "95d9cef7fd3c48a094f86f0589a78fbee55bbdd8",
        "revCount": 10,
        "type": "git",
        "url": "ssh://git@github.com/pingfanH/lnmai-core-rs"
      },
      "original": {
        "ref": "main",
        "type": "git",
        "url": "ssh://git@github.com/pingfanH/lnmai-core-rs"
      }
    },
    "lnmai-core_2": {
      "inputs": {
        "flake-utils": [
          "lnmai-core-ffi",
          "flake-utils"
        ],
        "lean4-nix": "lean4-nix_2",
        "nixpkgs": [
          "lnmai-core-ffi",
          "nixpkgs"
        ]
      },
      "locked": {
        "lastModified": 1782367601,
        "narHash": "sha256-Pm0JVl7haruFUtTDUmj5LrcT3vKUQUSU/3ysVLxn52I=",
        "owner": "Neuron-Group",
        "repo": "lnmai-core",
        "rev": "9194a9af4cb723efdd159f819441726e981ff5a6",
        "type": "github"
      },
      "original": {
        "owner": "Neuron-Group",
        "ref": "main",
        "repo": "lnmai-core",
        "type": "github"
      }
    },
    "lnmai-core_3": {
      "inputs": {
        "flake-utils": [
          "lnmai-core-rs",
          "flake-utils"
        ],
        "lean4-nix": "lean4-nix_3",
        "nixpkgs": [
          "lnmai-core-rs",
          "nixpkgs"
        ]
      },
      "locked": {
        "lastModified": 1782367601,
        "narHash": "sha256-Pm0JVl7haruFUtTDUmj5LrcT3vKUQUSU/3ysVLxn52I=",
        "owner": "Neuron-Group",
        "repo": "lnmai-core",
        "rev": "9194a9af4cb723efdd159f819441726e981ff5a6",
        "type": "github"
      },
      "original": {
        "owner": "Neuron-Group",
        "ref": "main",
        "repo": "lnmai-core",
        "type": "github"
      }
    },
    "lnmai-core_4": {
      "inputs": {
        "flake-utils": [
          "lnmai-core-rs",
          "lnmai-core-ffi",
          "flake-utils"
        ],
        "lean4-nix": "lean4-nix_4",
        "nixpkgs": [
          "lnmai-core-rs",
          "lnmai-core-ffi",
          "nixpkgs"
        ]
      },
      "locked": {
        "lastModified": 1782367601,
        "narHash": "sha256-Pm0JVl7haruFUtTDUmj5LrcT3vKUQUSU/3ysVLxn52I=",
        "owner": "Neuron-Group",
        "repo": "lnmai-core",
        "rev": "9194a9af4cb723efdd159f819441726e981ff5a6",
        "type": "github"
      },
      "original": {
        "owner": "Neuron-Group",
        "ref": "main",
        "repo": "lnmai-core",
        "type": "github"
      }
    },
    "maisimai": {
      "inputs": {
        "flake-utils": [
          "lnmai-core-rs",
          "flake-utils"
        ],
        "nixpkgs": [
          "lnmai-core-rs",
          "nixpkgs"
        ]
      },
      "locked": {
        "lastModified": 1782282477,
        "narHash": "sha256-6ZOPIfNgSmcpRiB83iVGwNniGe0WdtLi+q6+wNuCHsw=",
        "owner": "pingfanH",
        "repo": "maisimai-rs",
        "rev": "73a7eecbcc6b06459feeba19d91b0c1a8680ad05",
        "type": "github"
      },
      "original": {
        "owner": "pingfanH",
        "ref": "master",
        "repo": "maisimai-rs",
        "type": "github"
      }
    },
    "maisimai_2": {
      "inputs": {
        "flake-utils": [
          "flake-utils"
        ],
        "nixpkgs": [
          "nixpkgs"
        ]
      },
      "locked": {
        "lastModified": 1782282477,
        "narHash": "sha256-6ZOPIfNgSmcpRiB83iVGwNniGe0WdtLi+q6+wNuCHsw=",
        "ref": "master",
        "rev": "73a7eecbcc6b06459feeba19d91b0c1a8680ad05",
        "revCount": 6,
        "type": "git",
        "url": "ssh://git@github.com/pingfanH/maisimai-rs"
      },
      "original": {
        "ref": "master",
        "type": "git",
        "url": "ssh://git@github.com/pingfanH/maisimai-rs"
      }
    },
    "nixpkgs": {
      "locked": {
        "lastModified": 1765779637,
        "narHash": "sha256-KJ2wa/BLSrTqDjbfyNx70ov/HdgNBCBBSQP3BIzKnv4=",
        "owner": "nixos",
        "repo": "nixpkgs",
        "rev": "1306659b587dc277866c7b69eb97e5f07864d8c4",
        "type": "github"
      },
      "original": {
        "owner": "nixos",
        "ref": "nixos-unstable",
        "repo": "nixpkgs",
        "type": "github"
      }
    },
    "nixpkgs-lib": {
      "locked": {
        "lastModified": 1765674936,
        "narHash": "sha256-k00uTP4JNfmejrCLJOwdObYC9jHRrr/5M/a/8L2EIdo=",
        "owner": "nix-community",
        "repo": "nixpkgs.lib",
        "rev": "2075416fcb47225d9b68ac469a5c4801a9c4dd85",
        "type": "github"
      },
      "original": {
        "owner": "nix-community",
        "repo": "nixpkgs.lib",
        "type": "github"
      }
    },
    "nixpkgs-lib_2": {
      "locked": {
        "lastModified": 1765674936,
        "narHash": "sha256-k00uTP4JNfmejrCLJOwdObYC9jHRrr/5M/a/8L2EIdo=",
        "owner": "nix-community",
        "repo": "nixpkgs.lib",
        "rev": "2075416fcb47225d9b68ac469a5c4801a9c4dd85",
        "type": "github"
      },
      "original": {
        "owner": "nix-community",
        "repo": "nixpkgs.lib",
        "type": "github"
      }
    },
    "nixpkgs-lib_3": {
      "locked": {
        "lastModified": 1765674936,
        "narHash": "sha256-k00uTP4JNfmejrCLJOwdObYC9jHRrr/5M/a/8L2EIdo=",
        "owner": "nix-community",
        "repo": "nixpkgs.lib",
        "rev": "2075416fcb47225d9b68ac469a5c4801a9c4dd85",
        "type": "github"
      },
      "original": {
        "owner": "nix-community",
        "repo": "nixpkgs.lib",
        "type": "github"
      }
    },
    "nixpkgs-lib_4": {
      "locked": {
        "lastModified": 1765674936,
        "narHash": "sha256-k00uTP4JNfmejrCLJOwdObYC9jHRrr/5M/a/8L2EIdo=",
        "owner": "nix-community",
        "repo": "nixpkgs.lib",
        "rev": "2075416fcb47225d9b68ac469a5c4801a9c4dd85",
        "type": "github"
      },
      "original": {
        "owner": "nix-community",
        "repo": "nixpkgs.lib",
        "type": "github"
      }
    },
    "nixpkgs_2": {
      "locked": {
        "lastModified": 1765779637,
        "narHash": "sha256-KJ2wa/BLSrTqDjbfyNx70ov/HdgNBCBBSQP3BIzKnv4=",
        "owner": "nixos",
        "repo": "nixpkgs",
        "rev": "1306659b587dc277866c7b69eb97e5f07864d8c4",
        "type": "github"
      },
      "original": {
        "owner": "nixos",
        "ref": "nixos-unstable",
        "repo": "nixpkgs",
        "type": "github"
      }
    },
    "nixpkgs_3": {
      "locked": {
        "lastModified": 1765779637,
        "narHash": "sha256-KJ2wa/BLSrTqDjbfyNx70ov/HdgNBCBBSQP3BIzKnv4=",
        "owner": "nixos",
        "repo": "nixpkgs",
        "rev": "1306659b587dc277866c7b69eb97e5f07864d8c4",
        "type": "github"
      },
      "original": {
        "owner": "nixos",
        "ref": "nixos-unstable",
        "repo": "nixpkgs",
        "type": "github"
      }
    },
    "nixpkgs_4": {
      "locked": {
        "lastModified": 1765779637,
        "narHash": "sha256-KJ2wa/BLSrTqDjbfyNx70ov/HdgNBCBBSQP3BIzKnv4=",
        "owner": "nixos",
        "repo": "nixpkgs",
        "rev": "1306659b587dc277866c7b69eb97e5f07864d8c4",
        "type": "github"
      },
      "original": {
        "owner": "nixos",
        "ref": "nixos-unstable",
        "repo": "nixpkgs",
        "type": "github"
      }
    },
    "nixpkgs_5": {
      "locked": {
        "lastModified": 1781577229,
        "narHash": "sha256-lrp67w8AulE9Ks53n27I45ADSzbOCn4H+CNW1Ck8B+8=",
        "owner": "NixOS",
        "repo": "nixpkgs",
        "rev": "567a49d1913ce81ac6e9582e3553dd90a955875f",
        "type": "github"
      },
      "original": {
        "owner": "NixOS",
        "ref": "nixos-unstable",
        "repo": "nixpkgs",
        "type": "github"
      }
    },
    "root": {
      "inputs": {
        "flake-utils": "flake-utils",
        "lnmai-core": "lnmai-core",
        "lnmai-core-ffi": "lnmai-core-ffi",
        "lnmai-core-rs": "lnmai-core-rs",
        "maisimai": "maisimai_2",
        "nixpkgs": "nixpkgs_5"
      }
    },
    "systems": {
      "locked": {
        "lastModified": 1681028828,
        "narHash": "sha256-Vy1rq5AaRuLzOxct8nz4T6wlgyUR7zLU309k9mBC768=",
        "owner": "nix-systems",
        "repo": "default",
        "rev": "da67096a3b9bf56a91d16901293e51ba5b49a27e",
        "type": "github"
      },
      "original": {
        "owner": "nix-systems",
        "repo": "default",
        "type": "github"
      }
    }
  },
  "root": "root",
  "version": 7
}
